
Microsoft Visual Studio Solution File, Format Version 12.00
# Visual Studio 15
VisualStudioVersion = 15.0.26730.15
MinimumVisualStudioVersion = 10.0.40219.1
Project("{FAE04EC0-301F-11D3-BF4B-00C04F79EFBC}") = "Phoneworld.Android", "Phoneworld\Phoneworld.Android\Phoneworld.Android.csproj", "{2ABA3DED-DAA2-4954-9DFA-78E0FBF4911F}"
EndProject
Project("{FAE04EC0-301F-11D3-BF4B-00C04F79EFBC}") = "Phoneworld", "Phoneworld\Phoneworld\Phoneworld.csproj", "{F02285F2-B095-49D4-94D9-52AF8AD97D7B}"
EndProject
Project("{FAE04EC0-301F-11D3-BF4B-00C04F79EFBC}") = "Phoneworld.UWP", "Phoneworld\Phoneworld.UWP\Phoneworld.UWP.csproj", "{90585D18-B1B9-4489-8EF1-C1D700950C6F}"
EndProject
Project("{FAE04EC0-301F-11D3-BF4B-00C04F79EFBC}") = "Phoneworld.iOS", "Phoneworld\Phoneworld.iOS\Phoneworld.iOS.csproj", "{7C9D0CC1-3F55-45FA-89A1-8F7A64554D0E}"
EndProject
Global
	GlobalSection(SolutionConfigurationPlatforms) = preSolution
		Ad-Hoc|Any CPU = Ad-Hoc|Any CPU
		Ad-Hoc|ARM = Ad-Hoc|ARM
		Ad-Hoc|iPhone = Ad-Hoc|iPhone
		Ad-Hoc|iPhoneSimulator = Ad-Hoc|iPhoneSimulator
		Ad-Hoc|x64 = Ad-Hoc|x64
		Ad-Hoc|x86 = Ad-Hoc|x86
		AppStore|Any CPU = AppStore|Any CPU
		AppStore|ARM = AppStore|ARM
		AppStore|iPhone = AppStore|iPhone
		AppStore|iPhoneSimulator = AppStore|iPhoneSimulator
		AppStore|x64 = AppStore|x64
		AppStore|x86 = AppStore|x86
		Debug|Any CPU = Debug|Any CPU
		Debug|ARM = Debug|ARM
		Debug|iPhone = Debug|iPhone
		Debug|iPhoneSimulator = Debug|iPhoneSimulator
		Debug|x64 = Debug|x64
		Debug|x86 = Debug|x86
		Release|Any CPU = Release|Any CPU
		Release|ARM = Release|ARM
		Release|iPhone = Release|iPhone
		Release|iPhoneSimulator = Release|iPhoneSimulator
		Release|x64 = Release|x64
		Release|x86 = Release|x86
	EndGlobalSection
	GlobalSection(ProjectConfigurationPlatforms) = postSolution
		{2ABA3DED-DAA2-4954-9DFA-78E0FBF4911F}.Ad-Hoc|Any CPU.ActiveCfg = Release|Any CPU
		{2ABA3DED-DAA2-4954-9DFA-78E0FBF4911F}.Ad-Hoc|Any CPU.Build.0 = Release|Any CPU
		{2ABA3DED-DAA2-4954-9DFA-78E0FBF4911F}.Ad-Hoc|Any CPU.Deploy.0 = Release|Any CPU
		{2ABA3DED-DAA2-4954-9DFA-78E0FBF4911F}.Ad-Hoc|ARM.ActiveCfg = Release|Any CPU
		{2ABA3DED-DAA2-4954-9DFA-78E0FBF4911F}.Ad-Hoc|ARM.Build.0 = Release|Any CPU
		{2ABA3DED-DAA2-4954-9DFA-78E0FBF4911F}.Ad-Hoc|ARM.Deploy.0 = Release|Any CPU
		{2ABA3DED-DAA2-4954-9DFA-78E0FBF4911F}.Ad-Hoc|iPhone.ActiveCfg = Release|Any CPU
		{2ABA3DED-DAA2-4954-9DFA-78E0FBF4911F}.Ad-Hoc|iPhone.Build.0 = Release|Any CPU
		{2ABA3DED-DAA2-4954-9DFA-78E0FBF4911F}.Ad-Hoc|iPhone.Deploy.0 = Release|Any CPU
		{2ABA3DED-DAA2-4954-9DFA-78E0FBF4911F}.Ad-Hoc|iPhoneSimulator.ActiveCfg = Release|Any CPU
		{2ABA3DED-DAA2-4954-9DFA-78E0FBF4911F}.Ad-Hoc|iPhoneSimulator.Build.0 = Release|Any CPU
		{2ABA3DED-DAA2-4954-9DFA-78E0FBF4911F}.Ad-Hoc|iPhoneSimulator.Deploy.0 = Release|Any CPU
		{2ABA3DED-DAA2-4954-9DFA-78E0FBF4911F}.Ad-Hoc|x64.ActiveCfg = Release|Any CPU
		{2ABA3DED-DAA2-4954-9DFA-78E0FBF4911F}.Ad-Hoc|x64.Build.0 = Release|Any CPU
		{2ABA3DED-DAA2-4954-9DFA-78E0FBF4911F}.Ad-Hoc|x64.Deploy.0 = Release|Any CPU
		{2ABA3DED-DAA2-4954-9DFA-78E0FBF4911F}.Ad-Hoc|x86.ActiveCfg = Release|Any CPU
		{2ABA3DED-DAA2-4954-9DFA-78E0FBF4911F}.Ad-Hoc|x86.Build.0 = Release|Any CPU
		{2ABA3DED-DAA2-4954-9DFA-78E0FBF4911F}.Ad-Hoc|x86.Deploy.0 = Release|Any CPU
		{2ABA3DED-DAA2-4954-9DFA-78E0FBF4911F}.AppStore|Any CPU.ActiveCfg = Release|Any CPU
		{2ABA3DED-DAA2-4954-9DFA-78E0FBF4911F}.AppStore|Any CPU.Build.0 = Release|Any CPU
		{2ABA3DED-DAA2-4954-9DFA-78E0FBF4911F}.AppStore|Any CPU.Deploy.0 = Release|Any CPU
		{2ABA3DED-DAA2-4954-9DFA-78E0FBF4911F}.AppStore|ARM.ActiveCfg = Release|Any CPU
		{2ABA3DED-DAA2-4954-9DFA-78E0FBF4911F}.AppStore|ARM.Build.0 = Release|Any CPU
		{2ABA3DED-DAA2-4954-9DFA-78E0FBF4911F}.AppStore|ARM.Deploy.0 = Release|Any CPU
		{2ABA3DED-DAA2-4954-9DFA-78E0FBF4911F}.AppStore|iPhone.ActiveCfg = Release|Any CPU
		{2ABA3DED-DAA2-4954-9DFA-78E0FBF4911F}.AppStore|iPhone.Build.0 = Release|Any CPU
		{2ABA3DED-DAA2-4954-9DFA-78E0FBF4911F}.AppStore|iPhone.Deploy.0 = Release|Any CPU
		{2ABA3DED-DAA2-4954-9DFA-78E0FBF4911F}.AppStore|iPhoneSimulator.ActiveCfg = Release|Any CPU
		{2ABA3DED-DAA2-4954-9DFA-78E0FBF4911F}.AppStore|iPhoneSimulator.Build.0 = Release|Any CPU
		{2ABA3DED-DAA2-4954-9DFA-78E0FBF4911F}.AppStore|iPhoneSimulator.Deploy.0 = Release|Any CPU
		{2ABA3DED-DAA2-4954-9DFA-78E0FBF4911F}.AppStore|x64.ActiveCfg = Release|Any CPU
		{2ABA3DED-DAA2-4954-9DFA-78E0FBF4911F}.AppStore|x64.Build.0 = Release|Any CPU
		{2ABA3DED-DAA2-4954-9DFA-78E0FBF4911F}.AppStore|x64.Deploy.0 = Release|Any CPU
		{2ABA3DED-DAA2-4954-9DFA-78E0FBF4911F}.AppStore|x86.ActiveCfg = Release|Any CPU
		{2ABA3DED-DAA2-4954-9DFA-78E0FBF4911F}.AppStore|x86.Build.0 = Release|Any CPU
		{2ABA3DED-DAA2-4954-9DFA-78E0FBF4911F}.AppStore|x86.Deploy.0 = Release|Any CPU
		{2ABA3DED-DAA2-4954-9DFA-78E0FBF4911F}.Debug|Any CPU.ActiveCfg = Debug|Any CPU
		{2ABA3DED-DAA2-4954-9DFA-78E0FBF4911F}.Debug|Any CPU.Build.0 = Debug|Any CPU
		{2ABA3DED-DAA2-4954-9DFA-78E0FBF4911F}.Debug|Any CPU.Deploy.0 = Debug|Any CPU
		{2ABA3DED-DAA2-4954-9DFA-78E0FBF4911F}.Debug|ARM.ActiveCfg = Debug|Any CPU
		{2ABA3DED-DAA2-4954-9DFA-78E0FBF4911F}.Debug|ARM.Build.0 = Debug|Any CPU
		{2ABA3DED-DAA2-4954-9DFA-78E0FBF4911F}.Debug|ARM.Deploy.0 = Debug|Any CPU
		{2ABA3DED-DAA2-4954-9DFA-78E0FBF4911F}.Debug|iPhone.ActiveCfg = Debug|Any CPU
		{2ABA3DED-DAA2-4954-9DFA-78E0FBF4911F}.Debug|iPhone.Build.0 = Debug|Any CPU
		{2ABA3DED-DAA2-4954-9DFA-78E0FBF4911F}.Debug|iPhone.Deploy.0 = Debug|Any CPU
		{2ABA3DED-DAA2-4954-9DFA-78E0FBF4911F}.Debug|iPhoneSimulator.ActiveCfg = Debug|Any CPU
		{2ABA3DED-DAA2-4954-9DFA-78E0FBF4911F}.Debug|iPhoneSimulator.Build.0 = Debug|Any CPU
		{2ABA3DED-DAA2-4954-9DFA-78E0FBF4911F}.Debug|iPhoneSimulator.Deploy.0 = Debug|Any CPU
		{2ABA3DED-DAA2-4954-9DFA-78E0FBF4911F}.Debug|x64.ActiveCfg = Debug|Any CPU
		{2ABA3DED-DAA2-4954-9DFA-78E0FBF4911F}.Debug|x64.Build.0 = Debug|Any CPU
		{2ABA3DED-DAA2-4954-9DFA-78E0FBF4911F}.Debug|x64.Deploy.0 = Debug|Any CPU
		{2ABA3DED-DAA2-4954-9DFA-78E0FBF4911F}.Debug|x86.ActiveCfg = Debug|Any CPU
		{2ABA3DED-DAA2-4954-9DFA-78E0FBF4911F}.Debug|x86.Build.0 = Debug|Any CPU
		{2ABA3DED-DAA2-4954-9DFA-78E0FBF4911F}.Debug|x86.Deploy.0 = Debug|Any CPU
		{2ABA3DED-DAA2-4954-9DFA-78E0FBF4911F}.Release|Any CPU.ActiveCfg = Release|Any CPU
		{2ABA3DED-DAA2-4954-9DFA-78E0FBF4911F}.Release|Any CPU.Build.0 = Release|Any CPU
		{2ABA3DED-DAA2-4954-9DFA-78E0FBF4911F}.Release|Any CPU.Deploy.0 = Release|Any CPU
		{2ABA3DED-DAA2-4954-9DFA-78E0FBF4911F}.Release|ARM.ActiveCfg = Release|Any CPU
		{2ABA3DED-DAA2-4954-9DFA-78E0FBF4911F}.Release|ARM.Build.0 = Release|Any CPU
		{2ABA3DED-DAA2-4954-9DFA-78E0FBF4911F}.Release|ARM.Deploy.0 = Release|Any CPU
		{2ABA3DED-DAA2-4954-9DFA-78E0FBF4911F}.Release|iPhone.ActiveCfg = Release|Any CPU
		{2ABA3DED-DAA2-4954-9DFA-78E0FBF4911F}.Release|iPhone.Build.0 = Release|Any CPU
		{2ABA3DED-DAA2-4954-9DFA-78E0FBF4911F}.Release|iPhone.Deploy.0 = Release|Any CPU
		{2ABA3DED-DAA2-4954-9DFA-78E0FBF4911F}.Release|iPhoneSimulator.ActiveCfg = Release|Any CPU
		{2ABA3DED-DAA2-4954-9DFA-78E0FBF4911F}.Release|iPhoneSimulator.Build.0 = Release|Any CPU
		{2ABA3DED-DAA2-4954-9DFA-78E0FBF4911F}.Release|iPhoneSimulator.Deploy.0 = Release|Any CPU
		{2ABA3DED-DAA2-4954-9DFA-78E0FBF4911F}.Release|x64.ActiveCfg = Release|Any CPU
		{2ABA3DED-DAA2-4954-9DFA-78E0FBF4911F}.Release|x64.Build.0 = Release|Any CPU
		{2ABA3DED-DAA2-4954-9DFA-78E0FBF4911F}.Release|x64.Deploy.0 = Release|Any CPU
		{2ABA3DED-DAA2-4954-9DFA-78E0FBF4911F}.Release|x86.ActiveCfg = Release|Any CPU
		{2ABA3DED-DAA2-4954-9DFA-78E0FBF4911F}.Release|x86.Build.0 = Release|Any CPU
		{2ABA3DED-DAA2-4954-9DFA-78E0FBF4911F}.Release|x86.Deploy.0 = Release|Any CPU
		{F02285F2-B095-49D4-94D9-52AF8AD97D7B}.Ad-Hoc|Any CPU.ActiveCfg = Release|Any CPU
		{F02285F2-B095-49D4-94D9-52AF8AD97D7B}.Ad-Hoc|Any CPU.Build.0 = Release|Any CPU
		{F02285F2-B095-49D4-94D9-52AF8AD97D7B}.Ad-Hoc|ARM.ActiveCfg = Release|Any CPU
		{F02285F2-B095-49D4-94D9-52AF8AD97D7B}.Ad-Hoc|ARM.Build.0 = Release|Any CPU
		{F02285F2-B095-49D4-94D9-52AF8AD97D7B}.Ad-Hoc|iPhone.ActiveCfg = Release|Any CPU
		{F02285F2-B095-49D4-94D9-52AF8AD97D7B}.Ad-Hoc|iPhone.Build.0 = Release|Any CPU
		{F02285F2-B095-49D4-94D9-52AF8AD97D7B}.Ad-Hoc|iPhoneSimulator.ActiveCfg = Release|Any CPU
		{F02285F2-B095-49D4-94D9-52AF8AD97D7B}.Ad-Hoc|iPhoneSimulator.Build.0 = Release|Any CPU
		{F02285F2-B095-49D4-94D9-52AF8AD97D7B}.Ad-Hoc|x64.ActiveCfg = Release|Any CPU
		{F02285F2-B095-49D4-94D9-52AF8AD97D7B}.Ad-Hoc|x64.Build.0 = Release|Any CPU
		{F02285F2-B095-49D4-94D9-52AF8AD97D7B}.Ad-Hoc|x86.ActiveCfg = Release|Any CPU
		{F02285F2-B095-49D4-94D9-52AF8AD97D7B}.Ad-Hoc|x86.Build.0 = Release|Any CPU
		{F02285F2-B095-49D4-94D9-52AF8AD97D7B}.AppStore|Any CPU.ActiveCfg = Release|Any CPU
		{F02285F2-B095-49D4-94D9-52AF8AD97D7B}.AppStore|Any CPU.Build.0 = Release|Any CPU
		{F02285F2-B095-49D4-94D9-52AF8AD97D7B}.AppStore|ARM.ActiveCfg = Release|Any CPU
		{F02285F2-B095-49D4-94D9-52AF8AD97D7B}.AppStore|ARM.Build.0 = Release|Any CPU
		{F02285F2-B095-49D4-94D9-52AF8AD97D7B}.AppStore|iPhone.ActiveCfg = Release|Any CPU
		{F02285F2-B095-49D4-94D9-52AF8AD97D7B}.AppStore|iPhone.Build.0 = Release|Any CPU
		{F02285F2-B095-49D4-94D9-52AF8AD97D7B}.AppStore|iPhoneSimulator.ActiveCfg = Release|Any CPU
		{F02285F2-B095-49D4-94D9-52AF8AD97D7B}.AppStore|iPhoneSimulator.Build.0 = Release|Any CPU
		{F02285F2-B095-49D4-94D9-52AF8AD97D7B}.AppStore|x64.ActiveCfg = Release|Any CPU
		{F02285F2-B095-49D4-94D9-52AF8AD97D7B}.AppStore|x64.Build.0 = Release|Any CPU
		{F02285F2-B095-49D4-94D9-52AF8AD97D7B}.AppStore|x86.ActiveCfg = Release|Any CPU
		{F02285F2-B095-49D4-94D9-52AF8AD97D7B}.AppStore|x86.Build.0 = Release|Any CPU
		{F02285F2-B095-49D4-94D9-52AF8AD97D7B}.Debug|Any CPU.ActiveCfg = Debug|Any CPU
		{F02285F2-B095-49D4-94D9-52AF8AD97D7B}.Debug|Any CPU.Build.0 = Debug|Any CPU
		{F02285F2-B095-49D4-94D9-52AF8AD97D7B}.Debug|ARM.ActiveCfg = Debug|Any CPU
		{F02285F2-B095-49D4-94D9-52AF8AD97D7B}.Debug|ARM.Build.0 = Debug|Any CPU
		{F02285F2-B095-49D4-94D9-52AF8AD97D7B}.Debug|iPhone.ActiveCfg = Debug|Any CPU
		{F02285F2-B095-49D4-94D9-52AF8AD97D7B}.Debug|iPhone.Build.0 = Debug|Any CPU
		{F02285F2-B095-49D4-94D9-52AF8AD97D7B}.Debug|iPhoneSimulator.ActiveCfg = Debug|Any CPU
		{F02285F2-B095-49D4-94D9-52AF8AD97D7B}.Debug|iPhoneSimulator.Build.0 = Debug|Any CPU
		{F02285F2-B095-49D4-94D9-52AF8AD97D7B}.Debug|x64.ActiveCfg = Debug|Any CPU
		{F02285F2-B095-49D4-94D9-52AF8AD97D7B}.Debug|x64.Build.0 = Debug|Any CPU
		{F02285F2-B095-49D4-94D9-52AF8AD97D7B}.Debug|x86.ActiveCfg = Debug|Any CPU
		{F02285F2-B095-49D4-94D9-52AF8AD97D7B}.Debug|x86.Build.0 = Debug|Any CPU
		{F02285F2-B095-49D4-94D9-52AF8AD97D7B}.Release|Any CPU.ActiveCfg = Release|Any CPU
		{F02285F2-B095-49D4-94D9-52AF8AD97D7B}.Release|Any CPU.Build.0 = Release|Any CPU
		{F02285F2-B095-49D4-94D9-52AF8AD97D7B}.Release|ARM.ActiveCfg = Release|Any CPU
		{F02285F2-B095-49D4-94D9-52AF8AD97D7B}.Release|ARM.Build.0 = Release|Any CPU
		{F02285F2-B095-49D4-94D9-52AF8AD97D7B}.Release|iPhone.ActiveCfg = Release|Any CPU
		{F02285F2-B095-49D4-94D9-52AF8AD97D7B}.Release|iPhone.Build.0 = Release|Any CPU
		{F02285F2-B095-49D4-94D9-52AF8AD97D7B}.Release|iPhoneSimulator.ActiveCfg = Release|Any CPU
		{F02285F2-B095-49D4-94D9-52AF8AD97D7B}.Release|iPhoneSimulator.Build.0 = Release|Any CPU
		{F02285F2-B095-49D4-94D9-52AF8AD97D7B}.Release|x64.ActiveCfg = Release|Any CPU
		{F02285F2-B095-49D4-94D9-52AF8AD97D7B}.Release|x64.Build.0 = Release|Any CPU
		{F02285F2-B095-49D4-94D9-52AF8AD97D7B}.Release|x86.ActiveCfg = Release|Any CPU
		{F02285F2-B095-49D4-94D9-52AF8AD97D7B}.Release|x86.Build.0 = Release|Any CPU
		{90585D18-B1B9-4489-8EF1-C1D700950C6F}.Ad-Hoc|Any CPU.ActiveCfg = Release|x86
		{90585D18-B1B9-4489-8EF1-C1D700950C6F}.Ad-Hoc|Any CPU.Build.0 = Release|x86
		{90585D18-B1B9-4489-8EF1-C1D700950C6F}.Ad-Hoc|Any CPU.Deploy.0 = Release|x86
		{90585D18-B1B9-4489-8EF1-C1D700950C6F}.Ad-Hoc|ARM.ActiveCfg = Release|ARM
		{90585D18-B1B9-4489-8EF1-C1D700950C6F}.Ad-Hoc|ARM.Build.0 = Release|ARM
		{90585D18-B1B9-4489-8EF1-C1D700950C6F}.Ad-Hoc|ARM.Deploy.0 = Release|ARM
		{90585D18-B1B9-4489-8EF1-C1D700950C6F}.Ad-Hoc|iPhone.ActiveCfg = Release|x86
		{90585D18-B1B9-4489-8EF1-C1D700950C6F}.Ad-Hoc|iPhone.Build.0 = Release|x86
		{90585D18-B1B9-4489-8EF1-C1D700950C6F}.Ad-Hoc|iPhone.Deploy.0 = Release|x86
		{90585D18-B1B9-4489-8EF1-C1D700950C6F}.Ad-Hoc|iPhoneSimulator.ActiveCfg = Release|x86
		{90585D18-B1B9-4489-8EF1-C1D700950C6F}.Ad-Hoc|iPhoneSimulator.Build.0 = Release|x86
		{90585D18-B1B9-4489-8EF1-C1D700950C6F}.Ad-Hoc|iPhoneSimulator.Deploy.0 = Release|x86
		{90585D18-B1B9-4489-8EF1-C1D700950C6F}.Ad-Hoc|x64.ActiveCfg = Release|x64
		{90585D18-B1B9-4489-8EF1-C1D700950C6F}.Ad-Hoc|x64.Build.0 = Release|x64
		{90585D18-B1B9-4489-8EF1-C1D700950C6F}.Ad-Hoc|x64.Deploy.0 = Release|x64
		{90585D18-B1B9-4489-8EF1-C1D700950C6F}.Ad-Hoc|x86.ActiveCfg = Release|x86
		{90585D18-B1B9-4489-8EF1-C1D700950C6F}.Ad-Hoc|x86.Build.0 = Release|x86
		{90585D18-B1B9-4489-8EF1-C1D700950C6F}.Ad-Hoc|x86.Deploy.0 = Release|x86
		{90585D18-B1B9-4489-8EF1-C1D700950C6F}.AppStore|Any CPU.ActiveCfg = Release|x86
		{90585D18-B1B9-4489-8EF1-C1D700950C6F}.AppStore|Any CPU.Build.0 = Release|x86
		{90585D18-B1B9-4489-8EF1-C1D700950C6F}.AppStore|Any CPU.Deploy.0 = Release|x86
		{90585D18-B1B9-4489-8EF1-C1D700950C6F}.AppStore|ARM.ActiveCfg = Release|ARM
		{90585D18-B1B9-4489-8EF1-C1D700950C6F}.AppStore|ARM.Build.0 = Release|ARM
		{90585D18-B1B9-4489-8EF1-C1D700950C6F}.AppStore|ARM.Deploy.0 = Release|ARM
		{90585D18-B1B9-4489-8EF1-C1D700950C6F}.AppStore|iPhone.ActiveCfg = Release|x86
		{90585D18-B1B9-4489-8EF1-C1D700950C6F}.AppStore|iPhone.Build.0 = Release|x86
		{90585D18-B1B9-4489-8EF1-C1D700950C6F}.AppStore|iPhone.Deploy.0 = Release|x86
		{90585D18-B1B9-4489-8EF1-C1D700950C6F}.AppStore|iPhoneSimulator.ActiveCfg = Release|x86
		{90585D18-B1B9-4489-8EF1-C1D700950C6F}.AppStore|iPhoneSimulator.Build.0 = Release|x86
		{90585D18-B1B9-4489-8EF1-C1D700950C6F}.AppStore|iPhoneSimulator.Deploy.0 = Release|x86
		{90585D18-B1B9-4489-8EF1-C1D700950C6F}.AppStore|x64.ActiveCfg = Release|x64
		{90585D18-B1B9-4489-8EF1-C1D700950C6F}.AppStore|x64.Build.0 = Release|x64
		{90585D18-B1B9-4489-8EF1-C1D700950C6F}.AppStore|x64.Deploy.0 = Release|x64
		{90585D18-B1B9-4489-8EF1-C1D700950C6F}.AppStore|x86.ActiveCfg = Release|x86
		{90585D18-B1B9-4489-8EF1-C1D700950C6F}.AppStore|x86.Build.0 = Release|x86
		{90585D18-B1B9-4489-8EF1-C1D700950C6F}.AppStore|x86.Deploy.0 = Release|x86
		{90585D18-B1B9-4489-8EF1-C1D700950C6F}.Debug|Any CPU.ActiveCfg = Debug|x86
		{90585D18-B1B9-4489-8EF1-C1D700950C6F}.Debug|ARM.ActiveCfg = Debug|ARM
		{90585D18-B1B9-4489-8EF1-C1D700950C6F}.Debug|ARM.Build.0 = Debug|ARM
		{90585D18-B1B9-4489-8EF1-C1D700950C6F}.Debug|ARM.Deploy.0 = Debug|ARM
		{90585D18-B1B9-4489-8EF1-C1D700950C6F}.Debug|iPhone.ActiveCfg = Debug|x86
		{90585D18-B1B9-4489-8EF1-C1D700950C6F}.Debug|iPhoneSimulator.ActiveCfg = Debug|x86
		{90585D18-B1B9-4489-8EF1-C1D700950C6F}.Debug|x64.ActiveCfg = Debug|x64
		{90585D18-B1B9-4489-8EF1-C1D700950C6F}.Debug|x64.Build.0 = Debug|x64
		{90585D18-B1B9-4489-8EF1-C1D700950C6F}.Debug|x64.Deploy.0 = Debug|x64
		{90585D18-B1B9-4489-8EF1-C1D700950C6F}.Debug|x86.ActiveCfg = Debug|x86
		{90585D18-B1B9-4489-8EF1-C1D700950C6F}.Debug|x86.Build.0 = Debug|x86
		{90585D18-B1B9-4489-8EF1-C1D700950C6F}.Debug|x86.Deploy.0 = Debug|x86
		{90585D18-B1B9-4489-8EF1-C1D700950C6F}.Release|Any CPU.ActiveCfg = Release|x86
		{90585D18-B1B9-4489-8EF1-C1D700950C6F}.Release|ARM.ActiveCfg = Release|ARM
		{90585D18-B1B9-4489-8EF1-C1D700950C6F}.Release|ARM.Build.0 = Release|ARM
		{90585D18-B1B9-4489-8EF1-C1D700950C6F}.Release|ARM.Deploy.0 = Release|ARM
		{90585D18-B1B9-4489-8EF1-C1D700950C6F}.Release|iPhone.ActiveCfg = Release|x86
		{90585D18-B1B9-4489-8EF1-C1D700950C6F}.Release|iPhoneSimulator.ActiveCfg = Release|x86
		{90585D18-B1B9-4489-8EF1-C1D700950C6F}.Release|x64.ActiveCfg = Release|x64
		{90585D18-B1B9-4489-8EF1-C1D700950C6F}.Release|x64.Build.0 = Release|x64
		{90585D18-B1B9-4489-8EF1-C1D700950C6F}.Release|x64.Deploy.0 = Release|x64
		{90585D18-B1B9-4489-8EF1-C1D700950C6F}.Release|x86.ActiveCfg = Release|x86
		{90585D18-B1B9-4489-8EF1-C1D700950C6F}.Release|x86.Build.0 = Release|x86
		{90585D18-B1B9-4489-8EF1-C1D700950C6F}.Release|x86.Deploy.0 = Release|x86
		{7C9D0CC1-3F55-45FA-89A1-8F7A64554D0E}.Ad-Hoc|Any CPU.ActiveCfg = Ad-Hoc|iPhone
		{7C9D0CC1-3F55-45FA-89A1-8F7A64554D0E}.Ad-Hoc|ARM.ActiveCfg = Ad-Hoc|iPhone
		{7C9D0CC1-3F55-45FA-89A1-8F7A64554D0E}.Ad-Hoc|iPhone.ActiveCfg = Ad-Hoc|iPhone
		{7C9D0CC1-3F55-45FA-89A1-8F7A64554D0E}.Ad-Hoc|iPhone.Build.0 = Ad-Hoc|iPhone
		{7C9D0CC1-3F55-45FA-89A1-8F7A64554D0E}.Ad-Hoc|iPhoneSimulator.ActiveCfg = Ad-Hoc|iPhoneSimulator
		{7C9D0CC1-3F55-45FA-89A1-8F7A64554D0E}.Ad-Hoc|iPhoneSimulator.Build.0 = Ad-Hoc|iPhoneSimulator
		{7C9D0CC1-3F55-45FA-89A1-8F7A64554D0E}.Ad-Hoc|x64.ActiveCfg = Ad-Hoc|iPhone
		{7C9D0CC1-3F55-45FA-89A1-8F7A64554D0E}.Ad-Hoc|x86.ActiveCfg = Ad-Hoc|iPhone
		{7C9D0CC1-3F55-45FA-89A1-8F7A64554D0E}.AppStore|Any CPU.ActiveCfg = AppStore|iPhone
		{7C9D0CC1-3F55-45FA-89A1-8F7A64554D0E}.AppStore|ARM.ActiveCfg = AppStore|iPhone
		{7C9D0CC1-3F55-45FA-89A1-8F7A64554D0E}.AppStore|iPhone.ActiveCfg = AppStore|iPhone
		{7C9D0CC1-3F55-45FA-89A1-8F7A64554D0E}.AppStore|iPhone.Build.0 = AppStore|iPhone
		{7C9D0CC1-3F55-45FA-89A1-8F7A64554D0E}.AppStore|iPhoneSimulator.ActiveCfg = AppStore|iPhoneSimulator
		{7C9D0CC1-3F55-45FA-89A1-8F7A64554D0E}.AppStore|iPhoneSimulator.Build.0 = AppStore|iPhoneSimulator
		{7C9D0CC1-3F55-45FA-89A1-8F7A64554D0E}.AppStore|x64.ActiveCfg = AppStore|iPhone
		{7C9D0CC1-3F55-45FA-89A1-8F7A64554D0E}.AppStore|x86.ActiveCfg = AppStore|iPhone
		{7C9D0CC1-3F55-45FA-89A1-8F7A64554D0E}.Debug|Any CPU.ActiveCfg = Debug|iPhone
		{7C9D0CC1-3F55-45FA-89A1-8F7A64554D0E}.Debug|ARM.ActiveCfg = Debug|iPhone
		{7C9D0CC1-3F55-45FA-89A1-8F7A64554D0E}.Debug|iPhone.ActiveCfg = Debug|iPhone
		{7C9D0CC1-3F55-45FA-89A1-8F7A64554D0E}.Debug|iPhone.Build.0 = Debug|iPhone
		{7C9D0CC1-3F55-45FA-89A1-8F7A64554D0E}.Debug|iPhoneSimulator.ActiveCfg = Debug|iPhoneSimulator
		{7C9D0CC1-3F55-45FA-89A1-8F7A64554D0E}.Debug|iPhoneSimulator.Build.0 = Debug|iPhoneSimulator
		{7C9D0CC1-3F55-45FA-89A1-8F7A64554D0E}.Debug|x64.ActiveCfg = Debug|iPhone
		{7C9D0CC1-3F55-45FA-89A1-8F7A64554D0E}.Debug|x86.ActiveCfg = Debug|iPhone
		{7C9D0CC1-3F55-45FA-89A1-8F7A64554D0E}.Release|Any CPU.ActiveCfg = Release|iPhone
		{7C9D0CC1-3F55-45FA-89A1-8F7A64554D0E}.Release|ARM.ActiveCfg = Release|iPhone
		{7C9D0CC1-3F55-45FA-89A1-8F7A64554D0E}.Release|iPhone.ActiveCfg = Release|iPhone
		{7C9D0CC1-3F55-45FA-89A1-8F7A64554D0E}.Release|iPhone.Build.0 = Release|iPhone
		{7C9D0CC1-3F55-45FA-89A1-8F7A64554D0E}.Release|iPhoneSimulator.ActiveCfg = Release|iPhoneSimulator
		{7C9D0CC1-3F55-45FA-89A1-8F7A64554D0E}.Release|iPhoneSimulator.Build.0 = Release|iPhoneSimulator
		{7C9D0CC1-3F55-45FA-89A1-8F7A64554D0E}.Release|x64.ActiveCfg = Release|iPhone
		{7C9D0CC1-3F55-45FA-89A1-8F7A64554D0E}.Release|x86.ActiveCfg = Release|iPhone
	EndGlobalSection
	GlobalSection(SolutionProperties) = preSolution
		HideSolutionNode = FALSE
	EndGlobalSection
	GlobalSection(ExtensibilityGlobals) = postSolution
		SolutionGuid = {F643744E-3045-42F1-80B0-563A0FE50B77}
	EndGlobalSection
EndGlobal
